Microsoft Visual Studio Solution File, Format Version 12.00
# Visual Studio Version 17
MinimumVisualStudioVersion = 10.0.40219.1
Project("{9a4a4b5c-9028-48ca-adb0-5e8248f337a0}") = "EasyTransfer", "EasyTransfer\EasyTransfer.csproj", "{d9b4648d-4f49-41b8-9eb7-de6c1fb1e90d}"
EndProject

Global
	GlobalSection(SolutionConfigurationPlatforms) = preSolution
		Debug|Any CPU = Debug|Any CPU
		Release|Any CPU = Release|Any CPU
	EndGlobalSection
	GlobalSection(ProjectConfigurationPlatforms) = postSolution
		{d9b4648d-4f49-41b8-9eb7-de6c1fb1e90d}.Debug|Any CPU.ActiveCfg = Debug|Any CPU
		{d9b4648d-4f49-41b8-9eb7-de6c1fb1e90d}.Debug|Any CPU.Build.0 = Debug|Any CPU
		{d9b4648d-4f49-41b8-9eb7-de6c1fb1e90d}.Release|Any CPU.ActiveCfg = Release|Any CPU
		{d9b4648d-4f49-41b8-9eb7-de6c1fb1e90d}.Release|Any CPU.Build.0 = Release|Any CPU
	EndGlobalSection
EndGlobal
