Microsoft Visual Studio Solution File, Format Version 12.00
# Visual Studio Version 17
MinimumVisualStudioVersion = 10.0.40219.1
Project("{9a4a4b5c-9028-48ca-adb0-5e8248f337a0}") = "EasyTransfer", "EasyTransfer\EasyTransfer.csproj", "{ffd7d184-9649-4ba5-b618-a2ce83788d7e}"
EndProject

Global
	GlobalSection(SolutionConfigurationPlatforms) = preSolution
		Debug|Any CPU = Debug|Any CPU
		Release|Any CPU = Release|Any CPU
	EndGlobalSection
	GlobalSection(ProjectConfigurationPlatforms) = postSolution
		{ffd7d184-9649-4ba5-b618-a2ce83788d7e}.Debug|Any CPU.ActiveCfg = Debug|Any CPU
		{ffd7d184-9649-4ba5-b618-a2ce83788d7e}.Debug|Any CPU.Build.0 = Debug|Any CPU
		{ffd7d184-9649-4ba5-b618-a2ce83788d7e}.Release|Any CPU.ActiveCfg = Release|Any CPU
		{ffd7d184-9649-4ba5-b618-a2ce83788d7e}.Release|Any CPU.Build.0 = Release|Any CPU
	EndGlobalSection
EndGlobal
