Microsoft Visual Studio Solution File, Format Version 12.00
# Visual Studio Version 17
MinimumVisualStudioVersion = 10.0.40219.1
Project("{e65ade74-2cd2-4d38-bfa1-e03db9c55449}") = "easytransfer", "easytransfer\easytransfer.csproj", "{a85eaa2b-11a0-46a7-9e73-0b450f2a3eaa}"
EndProject

Global
	GlobalSection(SolutionConfigurationPlatforms) = preSolution
		Debug|Any CPU = Debug|Any CPU
		Release|Any CPU = Release|Any CPU
	EndGlobalSection
	GlobalSection(ProjectConfigurationPlatforms) = postSolution
		{a85eaa2b-11a0-46a7-9e73-0b450f2a3eaa}.Debug|Any CPU.ActiveCfg = Debug|Any CPU
		{a85eaa2b-11a0-46a7-9e73-0b450f2a3eaa}.Debug|Any CPU.Build.0 = Debug|Any CPU
		{a85eaa2b-11a0-46a7-9e73-0b450f2a3eaa}.Release|Any CPU.ActiveCfg = Release|Any CPU
		{a85eaa2b-11a0-46a7-9e73-0b450f2a3eaa}.Release|Any CPU.Build.0 = Release|Any CPU
	EndGlobalSection
EndGlobal
